// !$*UTF8*$!
{
	archiveVersion = 1;
	classes = {
	};
	objectVersion = 53;
	objects = {

/* Begin PBXBuildFile section */
		43265538256F996200B525AC /* AppDelegate.swift in Sources */ = {isa = PBXBuildFile; fileRef = 43265537256F996200B525AC /* AppDelegate.swift */; };
		4326553A256F996200B525AC /* SceneDelegate.swift in Sources */ = {isa = PBXBuildFile; fileRef = 43265539256F996200B525AC /* SceneDelegate.swift */; };
		4326553F256F996200B525AC /* Main.storyboard in Resources */ = {isa = PBXBuildFile; fileRef = 4326553D256F996200B525AC /* Main.storyboard */; };
		43265541256F996400B525AC /* Assets.xcassets in Resources */ = {isa = PBXBuildFile; fileRef = 43265540256F996400B525AC /* Assets.xcassets */; };
		43265544256F996400B525AC /* LaunchScreen.storyboard in Resources */ = {isa = PBXBuildFile; fileRef = 43265542256F996400B525AC /* LaunchScreen.storyboard */; };
		4326554F256F996400B525AC /* adidTests.swift in Sources */ = {isa = PBXBuildFile; fileRef = 4326554E256F996400B525AC /* adidTests.swift */; };
		4326555A256F996400B525AC /* adidUITests.swift in Sources */ = {isa = PBXBuildFile; fileRef = 43265559256F996400B525AC /* adidUITests.swift */; };
		4326556F256F9ACA00B525AC /* AdSupport.framework in Frameworks */ = {isa = PBXBuildFile; fileRef = 4326556E256F9ACA00B525AC /* AdSupport.framework */; };
		43FBEEDB256FB8D800D7E806 /* ViewController.swift in Sources */ = {isa = PBXBuildFile; fileRef = 43FBEEDA256FB8D800D7E806 /* ViewController.swift */; };
		43FBEEEB256FB95E00D7E806 /* CopiableLabel.swift in Sources */ = {isa = PBXBuildFile; fileRef = 43FBEEEA256FB95E00D7E806 /* CopiableLabel.swift */; };
		43FBEEF6256FC05800D7E806 /* AppTrackingTransparency.framework in Frameworks */ = {isa = PBXBuildFile; fileRef = 43FBEEF5256FC05800D7E806 /* AppTrackingTransparency.framework */; };
/* End PBXBuildFile section */

/* Begin PBXContainerItemProxy section */
		4326554B256F996400B525AC /* PBXContainerItemProxy */ = {
			isa = PBXContainerItemProxy;
			containerPortal = 4326552C256F996200B525AC /* Project object */;
			proxyType = 1;
			remoteGlobalIDString = 43265533256F996200B525AC;
			remoteInfo = adid;
		};
		43265556256F996400B525AC /* PBXContainerItemProxy */ = {
			isa = PBXContainerItemProxy;
			containerPortal = 4326552C256F996200B525AC /* Project object */;
			proxyType = 1;
			remoteGlobalIDString = 43265533256F996200B525AC;
			remoteInfo = adid;
		};
/* End PBXContainerItemProxy section */

/* Begin PBXFileReference section */
		43265534256F996200B525AC /* adid.app */ = {isa = PBXFileReference; explicitFileType = wrapper.application; includeInIndex = 0; path = adid.app; sourceTree = BUILT_PRODUCTS_DIR; };
		43265537256F996200B525AC /* AppDelegate.swift */ = {isa = PBXFileReference; lastKnownFileType = sourcecode.swift; path = AppDelegate.swift; sourceTree = "<group>"; };
		43265539256F996200B525AC /* SceneDelegate.swift */ = {isa = PBXFileReference; lastKnownFileType = sourcecode.swift; path = SceneDelegate.swift; sourceTree = "<group>"; };
		4326553E256F996200B525AC /* Base */ = {isa = PBXFileReference; lastKnownFileType = file.storyboard; name = Base; path = Base.lproj/Main.storyboard; sourceTree = "<group>"; };
		43265540256F996400B525AC /* Assets.xcassets */ = {isa = PBXFileReference; lastKnownFileType = folder.assetcatalog; path = Assets.xcassets; sourceTree = "<group>"; };
		43265543256F996400B525AC /* Base */ = {isa = PBXFileReference; lastKnownFileType = file.storyboard; name = Base; path = Base.lproj/LaunchScreen.storyboard; sourceTree = "<group>"; };
		4326554A256F996400B525AC /* adidTests.xctest */ = {isa = PBXFileReference; explicitFileType = wrapper.cfbundle; includeInIndex = 0; path = adidTests.xctest; sourceTree = BUILT_PRODUCTS_DIR; };
		4326554E256F996400B525AC /* adidTests.swift */ = {isa = PBXFileReference; lastKnownFileType = sourcecode.swift; path = adidTests.swift; sourceTree = "<group>"; };
		43265550256F996400B525AC /* Info.plist */ = {isa = PBXFileReference; lastKnownFileType = text.plist.xml; path = Info.plist; sourceTree = "<group>"; };
		43265555256F996400B525AC /* adidUITests.xctest */ = {isa = PBXFileReference; explicitFileType = wrapper.cfbundle; includeInIndex = 0; path = adidUITests.xctest; sourceTree = BUILT_PRODUCTS_DIR; };
		43265559256F996400B525AC /* adidUITests.swift */ = {isa = PBXFileReference; lastKnownFileType = sourcecode.swift; path = adidUITests.swift; sourceTree = "<group>"; };
		4326555B256F996400B525AC /* Info.plist */ = {isa = PBXFileReference; lastKnownFileType = text.plist.xml; path = Info.plist; sourceTree = "<group>"; };
		4326556E256F9ACA00B525AC /* AdSupport.framework */ = {isa = PBXFileReference; lastKnownFileType = wrapper.framework; name = AdSupport.framework; path = System/Library/Frameworks/AdSupport.framework; sourceTree = SDKROOT; };
		43FBEEDA256FB8D800D7E806 /* ViewController.swift */ = {isa = PBXFileReference; fileEncoding = 4; lastKnownFileType = sourcecode.swift; name = ViewController.swift; path = Classes/ViewController.swift; sourceTree = "<group>"; };
		43FBEEEA256FB95E00D7E806 /* CopiableLabel.swift */ = {isa = PBXFileReference; lastKnownFileType = sourcecode.swift; name = CopiableLabel.swift; path = Classes/CopiableLabel.swift; sourceTree = "<group>"; };
		43FBEEF5256FC05800D7E806 /* AppTrackingTransparency.framework */ = {isa = PBXFileReference; lastKnownFileType = wrapper.framework; name = AppTrackingTransparency.framework; path = System/Library/Frameworks/AppTrackingTransparency.framework; sourceTree = SDKROOT; };
		43FBEEFD2570AAC300D7E806 /* en */ = {isa = PBXFileReference; lastKnownFileType = text.plist.xml; name = en; path = en.lproj/Info.plist; sourceTree = "<group>"; };
		43FBEF072570ADB500D7E806 /* ja */ = {isa = PBXFileReference; lastKnownFileType = text.plist.xml; name = ja; path = ja.lproj/Info.plist; sourceTree = "<group>"; };
		43FBEF082570ADB800D7E806 /* Base */ = {isa = PBXFileReference; lastKnownFileType = text.plist.xml; name = Base; path = Base.lproj/Info.plist; sourceTree = "<group>"; };
/* End PBXFileReference section */

/* Begin PBXFrameworksBuildPhase section */
		43265531256F996200B525AC /* Frameworks */ = {
			isa = PBXFrameworksBuildPhase;
			buildActionMask = 2147483647;
			files = (
				43FBEEF6256FC05800D7E806 /* AppTrackingTransparency.framework in Frameworks */,
				4326556F256F9ACA00B525AC /* AdSupport.framework in Frameworks */,
			);
			runOnlyForDeploymentPostprocessing = 0;
		};
		43265547256F996400B525AC /* Frameworks */ = {
			isa = PBXFrameworksBuildPhase;
			buildActionMask = 2147483647;
			files = (
			);
			runOnlyForDeploymentPostprocessing = 0;
		};
		43265552256F996400B525AC /* Frameworks */ = {
			isa = PBXFrameworksBuildPhase;
			buildActionMask = 2147483647;
			files = (
			);
			runOnlyForDeploymentPostprocessing = 0;
		};
/* End PBXFrameworksBuildPhase section */

/* Begin PBXGroup section */
		4326552B256F996200B525AC = {
			isa = PBXGroup;
			children = (
				43265536256F996200B525AC /* adid */,
				4326554D256F996400B525AC /* adidTests */,
				43265558256F996400B525AC /* adidUITests */,
				43265535256F996200B525AC /* Products */,
				4326556D256F9ACA00B525AC /* Frameworks */,
			);
			sourceTree = "<group>";
		};
		43265535256F996200B525AC /* Products */ = {
			isa = PBXGroup;
			children = (
				43265534256F996200B525AC /* adid.app */,
				4326554A256F996400B525AC /* adidTests.xctest */,
				43265555256F996400B525AC /* adidUITests.xctest */,
			);
			name = Products;
			sourceTree = "<group>";
		};
		43265536256F996200B525AC /* adid */ = {
			isa = PBXGroup;
			children = (
				43265537256F996200B525AC /* AppDelegate.swift */,
				43FBEED4256FB88A00D7E806 /* Controller */,
				43FBEED9256FB8A600D7E806 /* View */,
				43265539256F996200B525AC /* SceneDelegate.swift */,
				4326553D256F996200B525AC /* Main.storyboard */,
				43265540256F996400B525AC /* Assets.xcassets */,
				43265542256F996400B525AC /* LaunchScreen.storyboard */,
				43FBEEFE2570AAC300D7E806 /* Info.plist */,
			);
			path = adid;
			sourceTree = "<group>";
		};
		4326554D256F996400B525AC /* adidTests */ = {
			isa = PBXGroup;
			children = (
				4326554E256F996400B525AC /* adidTests.swift */,
				43265550256F996400B525AC /* Info.plist */,
			);
			path = adidTests;
			sourceTree = "<group>";
		};
		43265558256F996400B525AC /* adidUITests */ = {
			isa = PBXGroup;
			children = (
				43265559256F996400B525AC /* adidUITests.swift */,
				4326555B256F996400B525AC /* Info.plist */,
			);
			path = adidUITests;
			sourceTree = "<group>";
		};
		4326556D256F9ACA00B525AC /* Frameworks */ = {
			isa = PBXGroup;
			children = (
				43FBEEF5256FC05800D7E806 /* AppTrackingTransparency.framework */,
				4326556E256F9ACA00B525AC /* AdSupport.framework */,
			);
			name = Frameworks;
			sourceTree = "<group>";
		};
		43FBEED4256FB88A00D7E806 /* Controller */ = {
			isa = PBXGroup;
			children = (
				43FBEEDA256FB8D800D7E806 /* ViewController.swift */,
			);
			name = Controller;
			sourceTree = "<group>";
		};
		43FBEED9256FB8A600D7E806 /* View */ = {
			isa = PBXGroup;
			children = (
				43FBEEEA256FB95E00D7E806 /* CopiableLabel.swift */,
			);
			name = View;
			sourceTree = "<group>";
		};
/* End PBXGroup section */

/* Begin PBXNativeTarget section */
		43265533256F996200B525AC /* adid */ = {
			isa = PBXNativeTarget;
			buildConfigurationList = 4326555E256F996400B525AC /* Build configuration list for PBXNativeTarget "adid" */;
			buildPhases = (
				43265530256F996200B525AC /* Sources */,
				43265531256F996200B525AC /* Frameworks */,
				43265532256F996200B525AC /* Resources */,
			);
			buildRules = (
			);
			dependencies = (
			);
			name = adid;
			productName = adid;
			productReference = 43265534256F996200B525AC /* adid.app */;
			productType = "com.apple.product-type.application";
		};
		43265549256F996400B525AC /* adidTests */ = {
			isa = PBXNativeTarget;
			buildConfigurationList = 43265561256F996400B525AC /* Build configuration list for PBXNativeTarget "adidTests" */;
			buildPhases = (
				43265546256F996400B525AC /* Sources */,
				43265547256F996400B525AC /* Frameworks */,
				43265548256F996400B525AC /* Resources */,
			);
			buildRules = (
			);
			dependencies = (
				4326554C256F996400B525AC /* PBXTargetDependency */,
			);
			name = adidTests;
			productName = adidTests;
			productReference = 4326554A256F996400B525AC /* adidTests.xctest */;
			productType = "com.apple.product-type.bundle.unit-test";
		};
		43265554256F996400B525AC /* adidUITests */ = {
			isa = PBXNativeTarget;
			buildConfigurationList = 43265564256F996400B525AC /* Build configuration list for PBXNativeTarget "adidUITests" */;
			buildPhases = (
				43265551256F996400B525AC /* Sources */,
				43265552256F996400B525AC /* Frameworks */,
				43265553256F996400B525AC /* Resources */,
			);
			buildRules = (
			);
			dependencies = (
				43265557256F996400B525AC /* PBXTargetDependency */,
			);
			name = adidUITests;
			productName = adidUITests;
			productReference = 43265555256F996400B525AC /* adidUITests.xctest */;
			productType = "com.apple.product-type.bundle.ui-testing";
		};
/* End PBXNativeTarget section */

/* Begin PBXProject section */
		4326552C256F996200B525AC /* Project object */ = {
			isa = PBXProject;
			attributes = {
				BuildIndependentTargetsInParallel = YES;
				LastSwiftUpdateCheck = 1200;
				LastUpgradeCheck = 1430;
				TargetAttributes = {
					43265533256F996200B525AC = {
						CreatedOnToolsVersion = 12.0;
					};
					43265549256F996400B525AC = {
						CreatedOnToolsVersion = 12.0;
						TestTargetID = 43265533256F996200B525AC;
					};
					43265554256F996400B525AC = {
						CreatedOnToolsVersion = 12.0;
						TestTargetID = 43265533256F996200B525AC;
					};
				};
			};
			buildConfigurationList = 4326552F256F996200B525AC /* Build configuration list for PBXProject "adid" */;
			compatibilityVersion = "Xcode 9.3";
			developmentRegion = en;
			hasScannedForEncodings = 0;
			knownRegions = (
				en,
				Base,
				ja,
			);
			mainGroup = 4326552B256F996200B525AC;
			productRefGroup = 43265535256F996200B525AC /* Products */;
			projectDirPath = "";
			projectRoot = "";
			targets = (
				43265533256F996200B525AC /* adid */,
				43265549256F996400B525AC /* adidTests */,
				43265554256F996400B525AC /* adidUITests */,
			);
		};
/* End PBXProject section */

/* Begin PBXResourcesBuildPhase section */
		43265532256F996200B525AC /* Resources */ = {
			isa = PBXResourcesBuildPhase;
			buildActionMask = 2147483647;
			files = (
				43265544256F996400B525AC /* LaunchScreen.storyboard in Resources */,
				43265541256F996400B525AC /* Assets.xcassets in Resources */,
				4326553F256F996200B525AC /* Main.storyboard in Resources */,
			);
			runOnlyForDeploymentPostprocessing = 0;
		};
		43265548256F996400B525AC /* Resources */ = {
			isa = PBXResourcesBuildPhase;
			buildActionMask = 2147483647;
			files = (
			);
			runOnlyForDeploymentPostprocessing = 0;
		};
		43265553256F996400B525AC /* Resources */ = {
			isa = PBXResourcesBuildPhase;
			buildActionMask = 2147483647;
			files = (
			);
			runOnlyForDeploymentPostprocessing = 0;
		};
/* End PBXResourcesBuildPhase section */

/* Begin PBXSourcesBuildPhase section */
		43265530256F996200B525AC /* Sources */ = {
			isa = PBXSourcesBuildPhase;
			buildActionMask = 2147483647;
			files = (
				43FBEEDB256FB8D800D7E806 /* ViewController.swift in Sources */,
				43FBEEEB256FB95E00D7E806 /* CopiableLabel.swift in Sources */,
				43265538256F996200B525AC /* AppDelegate.swift in Sources */,
				4326553A256F996200B525AC /* SceneDelegate.swift in Sources */,
			);
			runOnlyForDeploymentPostprocessing = 0;
		};
		43265546256F996400B525AC /* Sources */ = {
			isa = PBXSourcesBuildPhase;
			buildActionMask = 2147483647;
			files = (
				4326554F256F996400B525AC /* adidTests.swift in Sources */,
			);
			runOnlyForDeploymentPostprocessing = 0;
		};
		43265551256F996400B525AC /* Sources */ = {
			isa = PBXSourcesBuildPhase;
			buildActionMask = 2147483647;
			files = (
				4326555A256F996400B525AC /* adidUITests.swift in Sources */,
			);
			runOnlyForDeploymentPostprocessing = 0;
		};
/* End PBXSourcesBuildPhase section */

/* Begin PBXTargetDependency section */
		4326554C256F996400B525AC /* PBXTargetDependency */ = {
			isa = PBXTargetDependency;
			target = 43265533256F996200B525AC /* adid */;
			targetProxy = 4326554B256F996400B525AC /* PBXContainerItemProxy */;
		};
		43265557256F996400B525AC /* PBXTargetDependency */ = {
			isa = PBXTargetDependency;
			target = 43265533256F996200B525AC /* adid */;
			targetProxy = 43265556256F996400B525AC /* PBXContainerItemProxy */;
		};
/* End PBXTargetDependency section */

/* Begin PBXVariantGroup section */
		4326553D256F996200B525AC /* Main.storyboard */ = {
			isa = PBXVariantGroup;
			children = (
				4326553E256F996200B525AC /* Base */,
			);
			name = Main.storyboard;
			sourceTree = "<group>";
		};
		43265542256F996400B525AC /* LaunchScreen.storyboard */ = {
			isa = PBXVariantGroup;
			children = (
				43265543256F996400B525AC /* Base */,
			);
			name = LaunchScreen.storyboard;
			sourceTree = "<group>";
		};
		43FBEEFE2570AAC300D7E806 /* Info.plist */ = {
			isa = PBXVariantGroup;
			children = (
				43FBEEFD2570AAC300D7E806 /* en */,
				43FBEF072570ADB500D7E806 /* ja */,
				43FBEF082570ADB800D7E806 /* Base */,
			);
			name = Info.plist;
			sourceTree = "<group>";
		};
/* End PBXVariantGroup section */

/* Begin XCBuildConfiguration section */
		4326555C256F996400B525AC /* Debug */ = {
			isa = XCBuildConfiguration;
			buildSettings = {
				ALWAYS_SEARCH_USER_PATHS = NO;
				CLANG_ANALYZER_LOCALIZABILITY_NONLOCALIZED = YES;
				CLANG_ANALYZER_NONNULL = YES;
				CLANG_ANALYZER_NUMBER_OBJECT_CONVERSION = YES_AGGRESSIVE;
				CLANG_CXX_LANGUAGE_STANDARD = "gnu++14";
				CLANG_CXX_LIBRARY = "libc++";
				CLANG_ENABLE_MODULES = YES;
				CLANG_ENABLE_OBJC_ARC = YES;
				CLANG_ENABLE_OBJC_WEAK = YES;
				CLANG_WARN_BLOCK_CAPTURE_AUTORELEASING = YES;
				CLANG_WARN_BOOL_CONVERSION = YES;
				CLANG_WARN_COMMA = YES;
				CLANG_WARN_CONSTANT_CONVERSION = YES;
				CLANG_WARN_DEPRECATED_OBJC_IMPLEMENTATIONS = YES;
				CLANG_WARN_DIRECT_OBJC_ISA_USAGE = YES_ERROR;
				CLANG_WARN_DOCUMENTATION_COMMENTS = YES;
				CLANG_WARN_EMPTY_BODY = YES;
				CLANG_WARN_ENUM_CONVERSION = YES;
				CLANG_WARN_INFINITE_RECURSION = YES;
				CLANG_WARN_INT_CONVERSION = YES;
				CLANG_WARN_NON_LITERAL_NULL_CONVERSION = YES;
				CLANG_WARN_OBJC_IMPLICIT_RETAIN_SELF = YES;
				CLANG_WARN_OBJC_LITERAL_CONVERSION = YES;
				CLANG_WARN_OBJC_ROOT_CLASS = YES_ERROR;
				CLANG_WARN_QUOTED_INCLUDE_IN_FRAMEWORK_HEADER = YES;
				CLANG_WARN_RANGE_LOOP_ANALYSIS = YES;
				CLANG_WARN_STRICT_PROTOTYPES = YES;
				CLANG_WARN_SUSPICIOUS_MOVE = YES;
				CLANG_WARN_UNGUARDED_AVAILABILITY = YES_AGGRESSIVE;
				CLANG_WARN_UNREACHABLE_CODE = YES;
				CLANG_WARN__DUPLICATE_METHOD_MATCH = YES;
				COPY_PHASE_STRIP = NO;
				DEBUG_INFORMATION_FORMAT = dwarf;
				ENABLE_STRICT_OBJC_MSGSEND = YES;
				ENABLE_TESTABILITY = YES;
				GCC_C_LANGUAGE_STANDARD = gnu11;
				GCC_DYNAMIC_NO_PIC = NO;
				GCC_NO_COMMON_BLOCKS = YES;
				GCC_OPTIMIZATION_LEVEL = 0;
				GCC_PREPROCESSOR_DEFINITIONS = (
					"DEBUG=1",
					"$(inherited)",
				);
				GCC_WARN_64_TO_32_BIT_CONVERSION = YES;
				GCC_WARN_ABOUT_RETURN_TYPE = YES_ERROR;
				GCC_WARN_UNDECLARED_SELECTOR = YES;
				GCC_WARN_UNINITIALIZED_AUTOS = YES_AGGRESSIVE;
				GCC_WARN_UNUSED_FUNCTION = YES;
				GCC_WARN_UNUSED_VARIABLE = YES;
				IPHONEOS_DEPLOYMENT_TARGET = 13.0;
				MTL_ENABLE_DEBUG_INFO = INCLUDE_SOURCE;
				MTL_FAST_MATH = YES;
				ONLY_ACTIVE_ARCH = YES;
				SDKROOT = iphoneos;
				SWIFT_ACTIVE_COMPILATION_CONDITIONS = DEBUG;
				SWIFT_OPTIMIZATION_LEVEL = "-Onone";
			};
			name = Debug;
		};
		4326555D256F996400B525AC /* Release */ = {
			isa = XCBuildConfiguration;
			buildSettings = {
				ALWAYS_SEARCH_USER_PATHS = NO;
				CLANG_ANALYZER_LOCALIZABILITY_NONLOCALIZED = YES;
				CLANG_ANALYZER_NONNULL = YES;
				CLANG_ANALYZER_NUMBER_OBJECT_CONVERSION = YES_AGGRESSIVE;
				CLANG_CXX_LANGUAGE_STANDARD = "gnu++14";
				CLANG_CXX_LIBRARY = "libc++";
				CLANG_ENABLE_MODULES = YES;
				CLANG_ENABLE_OBJC_ARC = YES;
				CLANG_ENABLE_OBJC_WEAK = YES;
				CLANG_WARN_BLOCK_CAPTURE_AUTORELEASING = YES;
				CLANG_WARN_BOOL_CONVERSION = YES;
				CLANG_WARN_COMMA = YES;
				CLANG_WARN_CONSTANT_CONVERSION = YES;
				CLANG_WARN_DEPRECATED_OBJC_IMPLEMENTATIONS = YES;
				CLANG_WARN_DIRECT_OBJC_ISA_USAGE = YES_ERROR;
				CLANG_WARN_DOCUMENTATION_COMMENTS = YES;
				CLANG_WARN_EMPTY_BODY = YES;
				CLANG_WARN_ENUM_CONVERSION = YES;
				CLANG_WARN_INFINITE_RECURSION = YES;
				CLANG_WARN_INT_CONVERSION = YES;
				CLANG_WARN_NON_LITERAL_NULL_CONVERSION = YES;
				CLANG_WARN_OBJC_IMPLICIT_RETAIN_SELF = YES;
				CLANG_WARN_OBJC_LITERAL_CONVERSION = YES;
				CLANG_WARN_OBJC_ROOT_CLASS = YES_ERROR;
				CLANG_WARN_QUOTED_INCLUDE_IN_FRAMEWORK_HEADER = YES;
				CLANG_WARN_RANGE_LOOP_ANALYSIS = YES;
				CLANG_WARN_STRICT_PROTOTYPES = YES;
				CLANG_WARN_SUSPICIOUS_MOVE = YES;
				CLANG_WARN_UNGUARDED_AVAILABILITY = YES_AGGRESSIVE;
				CLANG_WARN_UNREACHABLE_CODE = YES;
				CLANG_WARN__DUPLICATE_METHOD_MATCH = YES;
				COPY_PHASE_STRIP = NO;
				DEBUG_INFORMATION_FORMAT = "dwarf-with-dsym";
				ENABLE_NS_ASSERTIONS = NO;
				ENABLE_STRICT_OBJC_MSGSEND = YES;
				GCC_C_LANGUAGE_STANDARD = gnu11;
				GCC_NO_COMMON_BLOCKS = YES;
				GCC_WARN_64_TO_32_BIT_CONVERSION = YES;
				GCC_WARN_ABOUT_RETURN_TYPE = YES_ERROR;
				GCC_WARN_UNDECLARED_SELECTOR = YES;
				GCC_WARN_UNINITIALIZED_AUTOS = YES_AGGRESSIVE;
				GCC_WARN_UNUSED_FUNCTION = YES;
				GCC_WARN_UNUSED_VARIABLE = YES;
				IPHONEOS_DEPLOYMENT_TARGET = 13.0;
				MTL_ENABLE_DEBUG_INFO = NO;
				MTL_FAST_MATH = YES;
				SDKROOT = iphoneos;
				SWIFT_COMPILATION_MODE = wholemodule;
				SWIFT_OPTIMIZATION_LEVEL = "-O";
				VALIDATE_PRODUCT = YES;
			};
			name = Release;
		};
		4326555F256F996400B525AC /* Debug */ = {
			isa = XCBuildConfiguration;
			buildSettings = {
				ASSETCATALOG_COMPILER_APPICON_NAME = AppIcon;
				ASSETCATALOG_COMPILER_GLOBAL_ACCENT_COLOR_NAME = AccentColor;
				CODE_SIGN_STYLE = Automatic;
				CURRENT_PROJECT_VERSION = 2;
				DEVELOPMENT_TEAM = D4MBJ58VZ7;
				INFOPLIST_FILE = adid/Base.lproj/Info.plist;
				INFOPLIST_KEY_CFBundleDisplayName = adid;
				LD_RUNPATH_SEARCH_PATHS = (
					"$(inherited)",
					"@executable_path/Frameworks",
				);
				MARKETING_VERSION = 1.1;
				PRODUCT_BUNDLE_IDENTIFIER = in.tanjo.adid;
				PRODUCT_NAME = "$(TARGET_NAME)";
				SWIFT_VERSION = 5.0;
				TARGETED_DEVICE_FAMILY = "1,2";
			};
			name = Debug;
		};
		43265560256F996400B525AC /* Release */ = {
			isa = XCBuildConfiguration;
			buildSettings = {
				ASSETCATALOG_COMPILER_APPICON_NAME = AppIcon;
				ASSETCATALOG_COMPILER_GLOBAL_ACCENT_COLOR_NAME = AccentColor;
				CODE_SIGN_STYLE = Automatic;
				CURRENT_PROJECT_VERSION = 2;
				DEVELOPMENT_TEAM = D4MBJ58VZ7;
				INFOPLIST_FILE = adid/Base.lproj/Info.plist;
				INFOPLIST_KEY_CFBundleDisplayName = adid;
				LD_RUNPATH_SEARCH_PATHS = (
					"$(inherited)",
					"@executable_path/Frameworks",
				);
				MARKETING_VERSION = 1.1;
				PRODUCT_BUNDLE_IDENTIFIER = in.tanjo.adid;
				PRODUCT_NAME = "$(TARGET_NAME)";
				SWIFT_VERSION = 5.0;
				TARGETED_DEVICE_FAMILY = "1,2";
			};
			name = Release;
		};
		43265562256F996400B525AC /* Debug */ = {
			isa = XCBuildConfiguration;
			buildSettings = {
				ALWAYS_EMBED_SWIFT_STANDARD_LIBRARIES = YES;
				BUNDLE_LOADER = "$(TEST_HOST)";
				CODE_SIGN_STYLE = Automatic;
				DEVELOPMENT_TEAM = "";
				INFOPLIST_FILE = adidTests/Info.plist;
				IPHONEOS_DEPLOYMENT_TARGET = 14.0;
				LD_RUNPATH_SEARCH_PATHS = (
					"$(inherited)",
					"@executable_path/Frameworks",
					"@loader_path/Frameworks",
				);
				PRODUCT_BUNDLE_IDENTIFIER = in.tanjo.adidTests;
				PRODUCT_NAME = "$(TARGET_NAME)";
				SWIFT_VERSION = 5.0;
				TARGETED_DEVICE_FAMILY = "1,2";
				TEST_HOST = "$(BUILT_PRODUCTS_DIR)/adid.app/adid";
			};
			name = Debug;
		};
		43265563256F996400B525AC /* Release */ = {
			isa = XCBuildConfiguration;
			buildSettings = {
				ALWAYS_EMBED_SWIFT_STANDARD_LIBRARIES = YES;
				BUNDLE_LOADER = "$(TEST_HOST)";
				CODE_SIGN_STYLE = Automatic;
				DEVELOPMENT_TEAM = "";
				INFOPLIST_FILE = adidTests/Info.plist;
				IPHONEOS_DEPLOYMENT_TARGET = 14.0;
				LD_RUNPATH_SEARCH_PATHS = (
					"$(inherited)",
					"@executable_path/Frameworks",
					"@loader_path/Frameworks",
				);
				PRODUCT_BUNDLE_IDENTIFIER = in.tanjo.adidTests;
				PRODUCT_NAME = "$(TARGET_NAME)";
				SWIFT_VERSION = 5.0;
				TARGETED_DEVICE_FAMILY = "1,2";
				TEST_HOST = "$(BUILT_PRODUCTS_DIR)/adid.app/adid";
			};
			name = Release;
		};
		43265565256F996400B525AC /* Debug */ = {
			isa = XCBuildConfiguration;
			buildSettings = {
				ALWAYS_EMBED_SWIFT_STANDARD_LIBRARIES = YES;
				CODE_SIGN_STYLE = Automatic;
				DEVELOPMENT_TEAM = "";
				INFOPLIST_FILE = adidUITests/Info.plist;
				LD_RUNPATH_SEARCH_PATHS = (
					"$(inherited)",
					"@executable_path/Frameworks",
					"@loader_path/Frameworks",
				);
				PRODUCT_BUNDLE_IDENTIFIER = in.tanjo.adidUITests;
				PRODUCT_NAME = "$(TARGET_NAME)";
				SWIFT_VERSION = 5.0;
				TARGETED_DEVICE_FAMILY = "1,2";
				TEST_TARGET_NAME = adid;
			};
			name = Debug;
		};
		43265566256F996400B525AC /* Release */ = {
			isa = XCBuildConfiguration;
			buildSettings = {
				ALWAYS_EMBED_SWIFT_STANDARD_LIBRARIES = YES;
				CODE_SIGN_STYLE = Automatic;
				DEVELOPMENT_TEAM = "";
				INFOPLIST_FILE = adidUITests/Info.plist;
				LD_RUNPATH_SEARCH_PATHS = (
					"$(inherited)",
					"@executable_path/Frameworks",
					"@loader_path/Frameworks",
				);
				PRODUCT_BUNDLE_IDENTIFIER = in.tanjo.adidUITests;
				PRODUCT_NAME = "$(TARGET_NAME)";
				SWIFT_VERSION = 5.0;
				TARGETED_DEVICE_FAMILY = "1,2";
				TEST_TARGET_NAME = adid;
			};
			name = Release;
		};
/* End XCBuildConfiguration section */

/* Begin XCConfigurationList section */
		4326552F256F996200B525AC /* Build configuration list for PBXProject "adid" */ = {
			isa = XCConfigurationList;
			buildConfigurations = (
				4326555C256F996400B525AC /* Debug */,
				4326555D256F996400B525AC /* Release */,
			);
			defaultConfigurationIsVisible = 0;
			defaultConfigurationName = Release;
		};
		4326555E256F996400B525AC /* Build configuration list for PBXNativeTarget "adid" */ = {
			isa = XCConfigurationList;
			buildConfigurations = (
				4326555F256F996400B525AC /* Debug */,
				43265560256F996400B525AC /* Release */,
			);
			defaultConfigurationIsVisible = 0;
			defaultConfigurationName = Release;
		};
		43265561256F996400B525AC /* Build configuration list for PBXNativeTarget "adidTests" */ = {
			isa = XCConfigurationList;
			buildConfigurations = (
				43265562256F996400B525AC /* Debug */,
				43265563256F996400B525AC /* Release */,
			);
			defaultConfigurationIsVisible = 0;
			defaultConfigurationName = Release;
		};
		43265564256F996400B525AC /* Build configuration list for PBXNativeTarget "adidUITests" */ = {
			isa = XCConfigurationList;
			buildConfigurations = (
				43265565256F996400B525AC /* Debug */,
				43265566256F996400B525AC /* Release */,
			);
			defaultConfigurationIsVisible = 0;
			defaultConfigurationName = Release;
		};
/* End XCConfigurationList section */
	};
	rootObject = 4326552C256F996200B525AC /* Project object */;
}
